
Microsoft Visual Studio Solution File, Format Version 12.00
# Visual Studio Version 17
VisualStudioVersion = 17.7.34031.279
MinimumVisualStudioVersion = 10.0.40219.1
Project("{FAE04EC0-301F-11D3-BF4B-00C04F79EFBC}") = "zd4_2", "zd4_2.csproj", "{45EE1A13-DA5C-4D38-A7C3-69C4A075C838}"
EndProject
Global
	GlobalSection(SolutionConfigurationPlatforms) = preSolution
		Debug|Any CPU = Debug|Any CPU
		Release|Any CPU = Release|Any CPU
	EndGlobalSection
	GlobalSection(ProjectConfigurationPlatforms) = postSolution
		{45EE1A13-DA5C-4D38-A7C3-69C4A075C838}.Debug|Any CPU.ActiveCfg = Debug|Any CPU
		{45EE1A13-DA5C-4D38-A7C3-69C4A075C838}.Debug|Any CPU.Build.0 = Debug|Any CPU
		{45EE1A13-DA5C-4D38-A7C3-69C4A075C838}.Release|Any CPU.ActiveCfg = Release|Any CPU
		{45EE1A13-DA5C-4D38-A7C3-69C4A075C838}.Release|Any CPU.Build.0 = Release|Any CPU
	EndGlobalSection
	GlobalSection(SolutionProperties) = preSolution
		HideSolutionNode = FALSE
	EndGlobalSection
	GlobalSection(ExtensibilityGlobals) = postSolution
		SolutionGuid = {C893394B-3296-486B-867B-91E5CC8A5393}
	EndGlobalSection
EndGlobal
